
Microsoft Visual Studio Solution File, Format Version 12.00
# Visual Studio Version 17
VisualStudioVersion = 17.2.32519.379
MinimumVisualStudioVersion = 10.0.40219.1
Project("{FAE04EC0-301F-11D3-BF4B-00C04F79EFBC}") = "pryGraffiLOG", "pryGraffiLOG\pryGraffiLOG.csproj", "{F0AC59CA-7347-4E7B-8E69-DC893505BEF6}"
EndProject
Global
	GlobalSection(SolutionConfigurationPlatforms) = preSolution
		Debug|Any CPU = Debug|Any CPU
		Release|Any CPU = Release|Any CPU
	EndGlobalSection
	GlobalSection(ProjectConfigurationPlatforms) = postSolution
		{F0AC59CA-7347-4E7B-8E69-DC893505BEF6}.Debug|Any CPU.ActiveCfg = Debug|Any CPU
		{F0AC59CA-7347-4E7B-8E69-DC893505BEF6}.Debug|Any CPU.Build.0 = Debug|Any CPU
		{F0AC59CA-7347-4E7B-8E69-DC893505BEF6}.Release|Any CPU.ActiveCfg = Release|Any CPU
		{F0AC59CA-7347-4E7B-8E69-DC893505BEF6}.Release|Any CPU.Build.0 = Release|Any CPU
	EndGlobalSection
	GlobalSection(SolutionProperties) = preSolution
		HideSolutionNode = FALSE
	EndGlobalSection
	GlobalSection(ExtensibilityGlobals) = postSolution
		SolutionGuid = {869A95CE-1DA5-49AF-AAEB-BFA2863B8B85}
	EndGlobalSection
EndGlobal
